
Microsoft Visual Studio Solution File, Format Version 11.00
# Visual Studio 2010
Project("{FAE04EC0-301F-11D3-BF4B-00C04F79EFBC}") = "PressSharp", "PressSharp\PressSharp.csproj", "{71289E4E-9FA1-4AA0-9AA7-EAF54470F37A}"
EndProject
Project("{FAE04EC0-301F-11D3-BF4B-00C04F79EFBC}") = "PressSharp.UnitTests", "PressSharp.UnitTests\PressSharp.UnitTests.csproj", "{1B22E5F9-20CA-4F4C-9535-B46F202236FB}"
EndProject
Global
	GlobalSection(SolutionConfigurationPlatforms) = preSolution
		Debug|Any CPU = Debug|Any CPU
		Debug|Mixed Platforms = Debug|Mixed Platforms
		Debug|x86 = Debug|x86
		Release|Any CPU = Release|Any CPU
		Release|Mixed Platforms = Release|Mixed Platforms
		Release|x86 = Release|x86
	EndGlobalSection
	GlobalSection(ProjectConfigurationPlatforms) = postSolution
		{71289E4E-9FA1-4AA0-9AA7-EAF54470F37A}.Debug|Any CPU.ActiveCfg = Debug|Any CPU
		{71289E4E-9FA1-4AA0-9AA7-EAF54470F37A}.Debug|Any CPU.Build.0 = Debug|Any CPU
		{71289E4E-9FA1-4AA0-9AA7-EAF54470F37A}.Debug|Mixed Platforms.ActiveCfg = Debug|Any CPU
		{71289E4E-9FA1-4AA0-9AA7-EAF54470F37A}.Debug|Mixed Platforms.Build.0 = Debug|Any CPU
		{71289E4E-9FA1-4AA0-9AA7-EAF54470F37A}.Debug|x86.ActiveCfg = Debug|Any CPU
		{71289E4E-9FA1-4AA0-9AA7-EAF54470F37A}.Release|Any CPU.ActiveCfg = Release|Any CPU
		{71289E4E-9FA1-4AA0-9AA7-EAF54470F37A}.Release|Any CPU.Build.0 = Release|Any CPU
		{71289E4E-9FA1-4AA0-9AA7-EAF54470F37A}.Release|Mixed Platforms.ActiveCfg = Release|Any CPU
		{71289E4E-9FA1-4AA0-9AA7-EAF54470F37A}.Release|Mixed Platforms.Build.0 = Release|Any CPU
		{71289E4E-9FA1-4AA0-9AA7-EAF54470F37A}.Release|x86.ActiveCfg = Release|Any CPU
		{1B22E5F9-20CA-4F4C-9535-B46F202236FB}.Debug|Any CPU.ActiveCfg = Debug|Any CPU
		{1B22E5F9-20CA-4F4C-9535-B46F202236FB}.Debug|Any CPU.Build.0 = Debug|Any CPU
		{1B22E5F9-20CA-4F4C-9535-B46F202236FB}.Debug|Mixed Platforms.ActiveCfg = Debug|Any CPU
		{1B22E5F9-20CA-4F4C-9535-B46F202236FB}.Debug|Mixed Platforms.Build.0 = Debug|Any CPU
		{1B22E5F9-20CA-4F4C-9535-B46F202236FB}.Debug|x86.ActiveCfg = Debug|Any CPU
		{1B22E5F9-20CA-4F4C-9535-B46F202236FB}.Release|Any CPU.ActiveCfg = Release|Any CPU
		{1B22E5F9-20CA-4F4C-9535-B46F202236FB}.Release|Any CPU.Build.0 = Release|Any CPU
		{1B22E5F9-20CA-4F4C-9535-B46F202236FB}.Release|Mixed Platforms.ActiveCfg = Release|Any CPU
		{1B22E5F9-20CA-4F4C-9535-B46F202236FB}.Release|Mixed Platforms.Build.0 = Release|Any CPU
		{1B22E5F9-20CA-4F4C-9535-B46F202236FB}.Release|x86.ActiveCfg = Release|Any CPU
	EndGlobalSection
	GlobalSection(SolutionProperties) = preSolution
		HideSolutionNode = FALSE
	EndGlobalSection
EndGlobal
